{
  "version": "5",
  "specifiers": {
    "jsr:@supabase/supabase-js@2": "2.111.0"
  },
  "jsr": {
    "@supabase/supabase-js@2.111.0": {
      "integrity": "92cd1d4c2933f6a62099f7d3b2b91908b70a9d110ee6098e1b2d3db2e6b7ef1b"
    }
  },
  "workspace": {
    "packageJson": {
      "dependencies": [
        "npm:@hookform/resolvers@^3.9.1",
        "npm:@radix-ui/react-avatar@^1.1.2",
        "npm:@radix-ui/react-dialog@^1.1.4",
        "npm:@radix-ui/react-dropdown-menu@^2.1.4",
        "npm:@radix-ui/react-label@^2.1.1",
        "npm:@radix-ui/react-select@^2.1.4",
        "npm:@radix-ui/react-separator@^1.1.1",
        "npm:@radix-ui/react-slot@^1.1.1",
        "npm:@radix-ui/react-toast@^1.2.4",
        "npm:@radix-ui/react-tooltip@^1.1.6",
        "npm:@supabase/ssr@~0.12.4",
        "npm:@supabase/supabase-js@^2.111.0",
        "npm:@tanstack/react-query@^5.62.7",
        "npm:@testing-library/jest-dom@^6.9.1",
        "npm:@testing-library/react@^16.3.2",
        "npm:@testing-library/user-event@^14.6.5",
        "npm:@types/node@^22.10.2",
        "npm:@types/react-dom@^19.0.2",
        "npm:@types/react@^19.0.2",
        "npm:@vitejs/plugin-react@^4.7.0",
        "npm:autoprefixer@^10.4.20",
        "npm:class-variance-authority@~0.7.1",
        "npm:clsx@^2.1.1",
        "npm:date-fns@^4.1.0",
        "npm:eslint-config-next@15.4.6",
        "npm:eslint@^9.17.0",
        "npm:framer-motion@^11.15.0",
        "npm:jsdom@^25.0.1",
        "npm:lucide-react@0.469",
        "npm:next@15.4.6",
        "npm:postcss@^8.4.49",
        "npm:react-dom@19.1.0",
        "npm:react-hook-form@^7.54.2",
        "npm:react@19.1.0",
        "npm:recharts@^2.15.0",
        "npm:server-only@^0.0.1",
        "npm:sonner@^1.7.1",
        "npm:tailwind-merge@^2.6.0",
        "npm:tailwindcss-animate@^1.0.7",
        "npm:tailwindcss@^3.4.17",
        "npm:typescript@^5.7.2",
        "npm:vite-tsconfig-paths@^5.1.4",
        "npm:vitest@^2.1.9",
        "npm:zod@^3.24.1",
        "npm:zustand@^5.0.2"
      ]
    }
  }
}
